
Microsoft Visual Studio Solution File, Format Version 12.00
# Visual Studio Version 17
VisualStudioVersion = 17.14.36705.20 d17.14
MinimumVisualStudioVersion = 10.0.40219.1
Project("{54A90642-561A-4BB1-A94E-469ADEE60C69}") = "spark2scale.client", "spark2scale.client\spark2scale.client.esproj", "{0A03A75D-1DC6-9829-9607-FAD72E976674}"
EndProject
Project("{FAE04EC0-301F-11D3-BF4B-00C04F79EFBC}") = "Spark2Scale.Server", "Spark2Scale.Server\Spark2Scale.Server.csproj", "{4E4F000E-0CB8-42CA-A7DB-C343E87059E3}"
EndProject
Global
	GlobalSection(SolutionConfigurationPlatforms) = preSolution
		Debug|Any CPU = Debug|Any CPU
		Release|Any CPU = Release|Any CPU
	EndGlobalSection
	GlobalSection(ProjectConfigurationPlatforms) = postSolution
		{0A03A75D-1DC6-9829-9607-FAD72E976674}.Debug|Any CPU.ActiveCfg = Debug|Any CPU
		{0A03A75D-1DC6-9829-9607-FAD72E976674}.Debug|Any CPU.Build.0 = Debug|Any CPU
		{0A03A75D-1DC6-9829-9607-FAD72E976674}.Debug|Any CPU.Deploy.0 = Debug|Any CPU
		{0A03A75D-1DC6-9829-9607-FAD72E976674}.Release|Any CPU.ActiveCfg = Release|Any CPU
		{0A03A75D-1DC6-9829-9607-FAD72E976674}.Release|Any CPU.Build.0 = Release|Any CPU
		{0A03A75D-1DC6-9829-9607-FAD72E976674}.Release|Any CPU.Deploy.0 = Release|Any CPU
		{4E4F000E-0CB8-42CA-A7DB-C343E87059E3}.Debug|Any CPU.ActiveCfg = Debug|Any CPU
		{4E4F000E-0CB8-42CA-A7DB-C343E87059E3}.Debug|Any CPU.Build.0 = Debug|Any CPU
		{4E4F000E-0CB8-42CA-A7DB-C343E87059E3}.Release|Any CPU.ActiveCfg = Release|Any CPU
		{4E4F000E-0CB8-42CA-A7DB-C343E87059E3}.Release|Any CPU.Build.0 = Release|Any CPU
	EndGlobalSection
	GlobalSection(SolutionProperties) = preSolution
		HideSolutionNode = FALSE
	EndGlobalSection
	GlobalSection(ExtensibilityGlobals) = postSolution
		SolutionGuid = {44B3423D-AD10-47D2-AC2F-8C7C0C45D3D4}
	EndGlobalSection
EndGlobal
